
Microsoft Visual Studio Solution File, Format Version 12.00
# Visual Studio Version 16
VisualStudioVersion = 16.0.35425.106
MinimumVisualStudioVersion = 10.0.40219.1
Project("{FAE04EC0-301F-11D3-BF4B-00C04F79EFBC}") = "GAI", "GAI.csproj", "{731EC2EA-9291-4241-B0DC-934E403CA76B}"
EndProject
Global
	GlobalSection(SolutionConfigurationPlatforms) = preSolution
		Debug|Any CPU = Debug|Any CPU
		Release|Any CPU = Release|Any CPU
	EndGlobalSection
	GlobalSection(ProjectConfigurationPlatforms) = postSolution
		{731EC2EA-9291-4241-B0DC-934E403CA76B}.Debug|Any CPU.ActiveCfg = Debug|Any CPU
		{731EC2EA-9291-4241-B0DC-934E403CA76B}.Debug|Any CPU.Build.0 = Debug|Any CPU
		{731EC2EA-9291-4241-B0DC-934E403CA76B}.Release|Any CPU.ActiveCfg = Release|Any CPU
		{731EC2EA-9291-4241-B0DC-934E403CA76B}.Release|Any CPU.Build.0 = Release|Any CPU
	EndGlobalSection
	GlobalSection(SolutionProperties) = preSolution
		HideSolutionNode = FALSE
	EndGlobalSection
	GlobalSection(ExtensibilityGlobals) = postSolution
		SolutionGuid = {FEA19F3D-2BB6-4914-8B27-BAE49462063F}
	EndGlobalSection
EndGlobal
